// !$*UTF8*$!
{
	archiveVersion = 1;
	classes = {
	};
	objectVersion = 77;
	objects = {

/* Begin PBXBuildFile section */
		6A1B033F2D37B415004D23A8 /* Flow in Frameworks */ = {isa = PBXBuildFile; productRef = 6A1B033E2D37B415004D23A8 /* Flow */; };
		6A1B050E2D414486004D23A8 /* SwiftyBeaver in Frameworks */ = {isa = PBXBuildFile; productRef = 6A1B050D2D414486004D23A8 /* SwiftyBeaver */; };
		6A1B05522D416C3B004D23A8 /* watchapp Watch App.app in Embed Watch Content */ = {isa = PBXBuildFile; fileRef = 6A1B05452D416C3A004D23A8 /* watchapp Watch App.app */; settings = {ATTRIBUTES = (RemoveHeadersOnCopy, ); }; };
/* End PBXBuildFile section */

/* Begin PBXContainerItemProxy section */
		6A1B05502D416C3B004D23A8 /* PBXContainerItemProxy */ = {
			isa = PBXContainerItemProxy;
			containerPortal = 6AA0809F2D2D31260087FCBD /* Project object */;
			proxyType = 1;
			remoteGlobalIDString = 6A1B05442D416C3A004D23A8;
			remoteInfo = "watchapp Watch App";
		};
		6AA080BC2D2D31260087FCBD /* PBXContainerItemProxy */ = {
			isa = PBXContainerItemProxy;
			containerPortal = 6AA0809F2D2D31260087FCBD /* Project object */;
			proxyType = 1;
			remoteGlobalIDString = 6AA080A62D2D31260087FCBD;
			remoteInfo = groma_new;
		};
		6AA080C62D2D31270087FCBD /* PBXContainerItemProxy */ = {
			isa = PBXContainerItemProxy;
			containerPortal = 6AA0809F2D2D31260087FCBD /* Project object */;
			proxyType = 1;
			remoteGlobalIDString = 6AA080A62D2D31260087FCBD;
			remoteInfo = groma_new;
		};
/* End PBXContainerItemProxy section */

/* Begin PBXCopyFilesBuildPhase section */
		6A1B05532D416C3B004D23A8 /* Embed Watch Content */ = {
			isa = PBXCopyFilesBuildPhase;
			buildActionMask = 2147483647;
			dstPath = "$(CONTENTS_FOLDER_PATH)/Watch";
			dstSubfolderSpec = 16;
			files = (
				6A1B05522D416C3B004D23A8 /* watchapp Watch App.app in Embed Watch Content */,
			);
			name = "Embed Watch Content";
			runOnlyForDeploymentPostprocessing = 0;
		};
/* End PBXCopyFilesBuildPhase section */

/* Begin PBXFileReference section */
		6A1B05452D416C3A004D23A8 /* watchapp Watch App.app */ = {isa = PBXFileReference; explicitFileType = wrapper.application; includeInIndex = 0; path = "watchapp Watch App.app"; sourceTree = BUILT_PRODUCTS_DIR; };
		6AA080A72D2D31260087FCBD /* groma_new.app */ = {isa = PBXFileReference; explicitFileType = wrapper.application; includeInIndex = 0; path = groma_new.app; sourceTree = BUILT_PRODUCTS_DIR; };
		6AA080BB2D2D31260087FCBD /* groma_newTests.xctest */ = {isa = PBXFileReference; explicitFileType = wrapper.cfbundle; includeInIndex = 0; path = groma_newTests.xctest; sourceTree = BUILT_PRODUCTS_DIR; };
		6AA080C52D2D31270087FCBD /* groma_newUITests.xctest */ = {isa = PBXFileReference; explicitFileType = wrapper.cfbundle; includeInIndex = 0; path = groma_newUITests.xctest; sourceTree = BUILT_PRODUCTS_DIR; };
/* End PBXFileReference section */

/* Begin PBXFileSystemSynchronizedBuildFileExceptionSet section */
		6AA080CD2D2D31270087FCBD /* Exceptions for "groma_new" folder in "groma_new" target */ = {
			isa = PBXFileSystemSynchronizedBuildFileExceptionSet;
			membershipExceptions = (
				Info.plist,
			);
			target = 6AA080A62D2D31260087FCBD /* groma_new */;
		};
/* End PBXFileSystemSynchronizedBuildFileExceptionSet section */

/* Begin PBXFileSystemSynchronizedRootGroup section */
		6A1B05462D416C3A004D23A8 /* watchapp Watch App */ = {
			isa = PBXFileSystemSynchronizedRootGroup;
			path = "watchapp Watch App";
			sourceTree = "<group>";
		};
		6AA080A92D2D31260087FCBD /* groma_new */ = {
			isa = PBXFileSystemSynchronizedRootGroup;
			exceptions = (
				6AA080CD2D2D31270087FCBD /* Exceptions for "groma_new" folder in "groma_new" target */,
			);
			path = groma_new;
			sourceTree = "<group>";
		};
		6AA080BE2D2D31260087FCBD /* groma_newTests */ = {
			isa = PBXFileSystemSynchronizedRootGroup;
			path = groma_newTests;
			sourceTree = "<group>";
		};
		6AA080C82D2D31270087FCBD /* groma_newUITests */ = {
			isa = PBXFileSystemSynchronizedRootGroup;
			path = groma_newUITests;
			sourceTree = "<group>";
		};
/* End PBXFileSystemSynchronizedRootGroup section */

/* Begin PBXFrameworksBuildPhase section */
		6A1B05422D416C3A004D23A8 /* Frameworks */ = {
			isa = PBXFrameworksBuildPhase;
			buildActionMask = 2147483647;
			files = (
			);
			runOnlyForDeploymentPostprocessing = 0;
		};
		6AA080A42D2D31260087FCBD /* Frameworks */ = {
			isa = PBXFrameworksBuildPhase;
			buildActionMask = 2147483647;
			files = (
				6A1B033F2D37B415004D23A8 /* Flow in Frameworks */,
				6A1B050E2D414486004D23A8 /* SwiftyBeaver in Frameworks */,
			);
			runOnlyForDeploymentPostprocessing = 0;
		};
		6AA080B82D2D31260087FCBD /* Frameworks */ = {
			isa = PBXFrameworksBuildPhase;
			buildActionMask = 2147483647;
			files = (
			);
			runOnlyForDeploymentPostprocessing = 0;
		};
		6AA080C22D2D31270087FCBD /* Frameworks */ = {
			isa = PBXFrameworksBuildPhase;
			buildActionMask = 2147483647;
			files = (
			);
			runOnlyForDeploymentPostprocessing = 0;
		};
/* End PBXFrameworksBuildPhase section */

/* Begin PBXGroup section */
		6A1B033D2D37B415004D23A8 /* Frameworks */ = {
			isa = PBXGroup;
			children = (
			);
			name = Frameworks;
			sourceTree = "<group>";
		};
		6AA0809E2D2D31260087FCBD = {
			isa = PBXGroup;
			children = (
				6AA080A92D2D31260087FCBD /* groma_new */,
				6AA080BE2D2D31260087FCBD /* groma_newTests */,
				6AA080C82D2D31270087FCBD /* groma_newUITests */,
				6A1B05462D416C3A004D23A8 /* watchapp Watch App */,
				6A1B033D2D37B415004D23A8 /* Frameworks */,
				6AA080A82D2D31260087FCBD /* Products */,
			);
			sourceTree = "<group>";
		};
		6AA080A82D2D31260087FCBD /* Products */ = {
			isa = PBXGroup;
			children = (
				6AA080A72D2D31260087FCBD /* groma_new.app */,
				6AA080BB2D2D31260087FCBD /* groma_newTests.xctest */,
				6AA080C52D2D31270087FCBD /* groma_newUITests.xctest */,
				6A1B05452D416C3A004D23A8 /* watchapp Watch App.app */,
			);
			name = Products;
			sourceTree = "<group>";
		};
/* End PBXGroup section */

/* Begin PBXNativeTarget section */
		6A1B05442D416C3A004D23A8 /* watchapp Watch App */ = {
			isa = PBXNativeTarget;
			buildConfigurationList = 6A1B05562D416C3B004D23A8 /* Build configuration list for PBXNativeTarget "watchapp Watch App" */;
			buildPhases = (
				6A1B05412D416C3A004D23A8 /* Sources */,
				6A1B05422D416C3A004D23A8 /* Frameworks */,
				6A1B05432D416C3A004D23A8 /* Resources */,
			);
			buildRules = (
			);
			dependencies = (
			);
			fileSystemSynchronizedGroups = (
				6A1B05462D416C3A004D23A8 /* watchapp Watch App */,
			);
			name = "watchapp Watch App";
			packageProductDependencies = (
			);
			productName = "watchapp Watch App";
			productReference = 6A1B05452D416C3A004D23A8 /* watchapp Watch App.app */;
			productType = "com.apple.product-type.application";
		};
		6AA080A62D2D31260087FCBD /* groma_new */ = {
			isa = PBXNativeTarget;
			buildConfigurationList = 6AA080CE2D2D31270087FCBD /* Build configuration list for PBXNativeTarget "groma_new" */;
			buildPhases = (
				6AA080A32D2D31260087FCBD /* Sources */,
				6AA080A42D2D31260087FCBD /* Frameworks */,
				6AA080A52D2D31260087FCBD /* Resources */,
				6A1B05532D416C3B004D23A8 /* Embed Watch Content */,
			);
			buildRules = (
			);
			dependencies = (
				6A1B05512D416C3B004D23A8 /* PBXTargetDependency */,
			);
			fileSystemSynchronizedGroups = (
				6AA080A92D2D31260087FCBD /* groma_new */,
			);
			name = groma_new;
			packageProductDependencies = (
				6A1B033E2D37B415004D23A8 /* Flow */,
				6A1B050D2D414486004D23A8 /* SwiftyBeaver */,
			);
			productName = groma_new;
			productReference = 6AA080A72D2D31260087FCBD /* groma_new.app */;
			productType = "com.apple.product-type.application";
		};
		6AA080BA2D2D31260087FCBD /* groma_newTests */ = {
			isa = PBXNativeTarget;
			buildConfigurationList = 6AA080D32D2D31270087FCBD /* Build configuration list for PBXNativeTarget "groma_newTests" */;
			buildPhases = (
				6AA080B72D2D31260087FCBD /* Sources */,
				6AA080B82D2D31260087FCBD /* Frameworks */,
				6AA080B92D2D31260087FCBD /* Resources */,
			);
			buildRules = (
			);
			dependencies = (
				6AA080BD2D2D31260087FCBD /* PBXTargetDependency */,
			);
			fileSystemSynchronizedGroups = (
				6AA080BE2D2D31260087FCBD /* groma_newTests */,
			);
			name = groma_newTests;
			packageProductDependencies = (
			);
			productName = groma_newTests;
			productReference = 6AA080BB2D2D31260087FCBD /* groma_newTests.xctest */;
			productType = "com.apple.product-type.bundle.unit-test";
		};
		6AA080C42D2D31270087FCBD /* groma_newUITests */ = {
			isa = PBXNativeTarget;
			buildConfigurationList = 6AA080D62D2D31270087FCBD /* Build configuration list for PBXNativeTarget "groma_newUITests" */;
			buildPhases = (
				6AA080C12D2D31270087FCBD /* Sources */,
				6AA080C22D2D31270087FCBD /* Frameworks */,
				6AA080C32D2D31270087FCBD /* Resources */,
			);
			buildRules = (
			);
			dependencies = (
				6AA080C72D2D31270087FCBD /* PBXTargetDependency */,
			);
			fileSystemSynchronizedGroups = (
				6AA080C82D2D31270087FCBD /* groma_newUITests */,
			);
			name = groma_newUITests;
			packageProductDependencies = (
			);
			productName = groma_newUITests;
			productReference = 6AA080C52D2D31270087FCBD /* groma_newUITests.xctest */;
			productType = "com.apple.product-type.bundle.ui-testing";
		};
/* End PBXNativeTarget section */

/* Begin PBXProject section */
		6AA0809F2D2D31260087FCBD /* Project object */ = {
			isa = PBXProject;
			attributes = {
				BuildIndependentTargetsInParallel = 1;
				LastSwiftUpdateCheck = 1620;
				LastUpgradeCheck = 1620;
				TargetAttributes = {
					6A1B05442D416C3A004D23A8 = {
						CreatedOnToolsVersion = 16.2;
					};
					6AA080A62D2D31260087FCBD = {
						CreatedOnToolsVersion = 16.0;
					};
					6AA080BA2D2D31260087FCBD = {
						CreatedOnToolsVersion = 16.0;
						TestTargetID = 6AA080A62D2D31260087FCBD;
					};
					6AA080C42D2D31270087FCBD = {
						CreatedOnToolsVersion = 16.0;
						TestTargetID = 6AA080A62D2D31260087FCBD;
					};
				};
			};
			buildConfigurationList = 6AA080A22D2D31260087FCBD /* Build configuration list for PBXProject "groma_new" */;
			developmentRegion = en;
			hasScannedForEncodings = 0;
			knownRegions = (
				en,
				Base,
			);
			mainGroup = 6AA0809E2D2D31260087FCBD;
			minimizedProjectReferenceProxies = 1;
			packageReferences = (
				6A1B033C2D37B379004D23A8 /* XCRemoteSwiftPackageReference "SwiftUI-Flow" */,
				6A1B050C2D4143F4004D23A8 /* XCRemoteSwiftPackageReference "SwiftyBeaver" */,
			);
			preferredProjectObjectVersion = 77;
			productRefGroup = 6AA080A82D2D31260087FCBD /* Products */;
			projectDirPath = "";
			projectRoot = "";
			targets = (
				6AA080A62D2D31260087FCBD /* groma_new */,
				6AA080BA2D2D31260087FCBD /* groma_newTests */,
				6AA080C42D2D31270087FCBD /* groma_newUITests */,
				6A1B05442D416C3A004D23A8 /* watchapp Watch App */,
			);
		};
/* End PBXProject section */

/* Begin PBXResourcesBuildPhase section */
		6A1B05432D416C3A004D23A8 /* Resources */ = {
			isa = PBXResourcesBuildPhase;
			buildActionMask = 2147483647;
			files = (
			);
			runOnlyForDeploymentPostprocessing = 0;
		};
		6AA080A52D2D31260087FCBD /* Resources */ = {
			isa = PBXResourcesBuildPhase;
			buildActionMask = 2147483647;
			files = (
			);
			runOnlyForDeploymentPostprocessing = 0;
		};
		6AA080B92D2D31260087FCBD /* Resources */ = {
			isa = PBXResourcesBuildPhase;
			buildActionMask = 2147483647;
			files = (
			);
			runOnlyForDeploymentPostprocessing = 0;
		};
		6AA080C32D2D31270087FCBD /* Resources */ = {
			isa = PBXResourcesBuildPhase;
			buildActionMask = 2147483647;
			files = (
			);
			runOnlyForDeploymentPostprocessing = 0;
		};
/* End PBXResourcesBuildPhase section */

/* Begin PBXSourcesBuildPhase section */
		6A1B05412D416C3A004D23A8 /* Sources */ = {
			isa = PBXSourcesBuildPhase;
			buildActionMask = 2147483647;
			files = (
			);
			runOnlyForDeploymentPostprocessing = 0;
		};
		6AA080A32D2D31260087FCBD /* Sources */ = {
			isa = PBXSourcesBuildPhase;
			buildActionMask = 2147483647;
			files = (
			);
			runOnlyForDeploymentPostprocessing = 0;
		};
		6AA080B72D2D31260087FCBD /* Sources */ = {
			isa = PBXSourcesBuildPhase;
			buildActionMask = 2147483647;
			files = (
			);
			runOnlyForDeploymentPostprocessing = 0;
		};
		6AA080C12D2D31270087FCBD /* Sources */ = {
			isa = PBXSourcesBuildPhase;
			buildActionMask = 2147483647;
			files = (
			);
			runOnlyForDeploymentPostprocessing = 0;
		};
/* End PBXSourcesBuildPhase section */

/* Begin PBXTargetDependency section */
		6A1B05512D416C3B004D23A8 /* PBXTargetDependency */ = {
			isa = PBXTargetDependency;
			target = 6A1B05442D416C3A004D23A8 /* watchapp Watch App */;
			targetProxy = 6A1B05502D416C3B004D23A8 /* PBXContainerItemProxy */;
		};
		6AA080BD2D2D31260087FCBD /* PBXTargetDependency */ = {
			isa = PBXTargetDependency;
			target = 6AA080A62D2D31260087FCBD /* groma_new */;
			targetProxy = 6AA080BC2D2D31260087FCBD /* PBXContainerItemProxy */;
		};
		6AA080C72D2D31270087FCBD /* PBXTargetDependency */ = {
			isa = PBXTargetDependency;
			target = 6AA080A62D2D31260087FCBD /* groma_new */;
			targetProxy = 6AA080C62D2D31270087FCBD /* PBXContainerItemProxy */;
		};
/* End PBXTargetDependency section */

/* Begin XCBuildConfiguration section */
		6A1B05542D416C3B004D23A8 /* Debug */ = {
			isa = XCBuildConfiguration;
			buildSettings = {
				ASSETCATALOG_COMPILER_APPICON_NAME = AppIcon;
				ASSETCATALOG_COMPILER_GLOBAL_ACCENT_COLOR_NAME = AccentColor;
				CODE_SIGN_STYLE = Automatic;
				CURRENT_PROJECT_VERSION = 1;
				DEVELOPMENT_ASSET_PATHS = "\"watchapp Watch App/Preview Content\"";
				DEVELOPMENT_TEAM = 37QAPDY2PR;
				ENABLE_PREVIEWS = YES;
				GENERATE_INFOPLIST_FILE = YES;
				INFOPLIST_KEY_CFBundleDisplayName = watchapp;
				INFOPLIST_KEY_UISupportedInterfaceOrientations = "UIInterfaceOrientationPortrait UIInterfaceOrientationPortraitUpsideDown";
				INFOPLIST_KEY_WKCompanionAppBundleIdentifier = "com.gromaapp.groma-new";
				LD_RUNPATH_SEARCH_PATHS = (
					"$(inherited)",
					"@executable_path/Frameworks",
				);
				MARKETING_VERSION = 1.0;
				PRODUCT_BUNDLE_IDENTIFIER = "com.gromaapp.groma-new.watchkitapp";
				PRODUCT_NAME = "$(TARGET_NAME)";
				SDKROOT = watchos;
				SKIP_INSTALL = YES;
				SWIFT_EMIT_LOC_STRINGS = YES;
				SWIFT_VERSION = 5.0;
				TARGETED_DEVICE_FAMILY = 4;
				WATCHOS_DEPLOYMENT_TARGET = 11.2;
			};
			name = Debug;
		};
		6A1B05552D416C3B004D23A8 /* Release */ = {
			isa = XCBuildConfiguration;
			buildSettings = {
				ASSETCATALOG_COMPILER_APPICON_NAME = AppIcon;
				ASSETCATALOG_COMPILER_GLOBAL_ACCENT_COLOR_NAME = AccentColor;
				CODE_SIGN_STYLE = Automatic;
				CURRENT_PROJECT_VERSION = 1;
				DEVELOPMENT_ASSET_PATHS = "\"watchapp Watch App/Preview Content\"";
				DEVELOPMENT_TEAM = 37QAPDY2PR;
				ENABLE_PREVIEWS = YES;
				GENERATE_INFOPLIST_FILE = YES;
				INFOPLIST_KEY_CFBundleDisplayName = watchapp;
				INFOPLIST_KEY_UISupportedInterfaceOrientations = "UIInterfaceOrientationPortrait UIInterfaceOrientationPortraitUpsideDown";
				INFOPLIST_KEY_WKCompanionAppBundleIdentifier = "com.gromaapp.groma-new";
				LD_RUNPATH_SEARCH_PATHS = (
					"$(inherited)",
					"@executable_path/Frameworks",
				);
				MARKETING_VERSION = 1.0;
				PRODUCT_BUNDLE_IDENTIFIER = "com.gromaapp.groma-new.watchkitapp";
				PRODUCT_NAME = "$(TARGET_NAME)";
				SDKROOT = watchos;
				SKIP_INSTALL = YES;
				SWIFT_EMIT_LOC_STRINGS = YES;
				SWIFT_VERSION = 5.0;
				TARGETED_DEVICE_FAMILY = 4;
				VALIDATE_PRODUCT = YES;
				WATCHOS_DEPLOYMENT_TARGET = 11.2;
			};
			name = Release;
		};
		6AA080CF2D2D31270087FCBD /* Debug */ = {
			isa = XCBuildConfiguration;
			buildSettings = {
				ASSETCATALOG_COMPILER_APPICON_NAME = AppIcon;
				ASSETCATALOG_COMPILER_GLOBAL_ACCENT_COLOR_NAME = AccentColor;
				CODE_SIGN_ENTITLEMENTS = groma_new/groma_new.entitlements;
				"CODE_SIGN_IDENTITY[sdk=macosx*]" = "Apple Development";
				CODE_SIGN_STYLE = Automatic;
				CURRENT_PROJECT_VERSION = 1;
				DEAD_CODE_STRIPPING = YES;
				DEVELOPMENT_ASSET_PATHS = "\"groma_new/Preview Content\"";
				DEVELOPMENT_TEAM = 37QAPDY2PR;
				ENABLE_PREVIEWS = YES;
				GENERATE_INFOPLIST_FILE = YES;
				INFOPLIST_FILE = groma_new/Info.plist;
				"INFOPLIST_KEY_UIApplicationSceneManifest_Generation[sdk=iphoneos*]" = YES;
				"INFOPLIST_KEY_UIApplicationSceneManifest_Generation[sdk=iphonesimulator*]" = YES;
				"INFOPLIST_KEY_UIApplicationSupportsIndirectInputEvents[sdk=iphoneos*]" = YES;
				"INFOPLIST_KEY_UIApplicationSupportsIndirectInputEvents[sdk=iphonesimulator*]" = YES;
				"INFOPLIST_KEY_UILaunchScreen_Generation[sdk=iphoneos*]" = YES;
				"INFOPLIST_KEY_UILaunchScreen_Generation[sdk=iphonesimulator*]" = YES;
				"INFOPLIST_KEY_UIStatusBarStyle[sdk=iphoneos*]" = UIStatusBarStyleDefault;
				"INFOPLIST_KEY_UIStatusBarStyle[sdk=iphonesimulator*]" = UIStatusBarStyleDefault;
				INFOPLIST_KEY_UISupportedInterfaceOrientations_iPad = "UIInterfaceOrientationPortrait UIInterfaceOrientationPortraitUpsideDown UIInterfaceOrientationLandscapeLeft UIInterfaceOrientationLandscapeRight";
				INFOPLIST_KEY_UISupportedInterfaceOrientations_iPhone = "UIInterfaceOrientationPortrait UIInterfaceOrientationLandscapeLeft UIInterfaceOrientationLandscapeRight";
				IPHONEOS_DEPLOYMENT_TARGET = 18.0;
				LD_RUNPATH_SEARCH_PATHS = "@executable_path/Frameworks";
				"LD_RUNPATH_SEARCH_PATHS[sdk=macosx*]" = "@executable_path/../Frameworks";
				MACOSX_DEPLOYMENT_TARGET = 15.0;
				MARKETING_VERSION = 1.0;
				PRODUCT_BUNDLE_IDENTIFIER = "com.gromaapp.groma-new";
				PRODUCT_NAME = "$(TARGET_NAME)";
				SDKROOT = auto;
				SUPPORTED_PLATFORMS = "iphoneos iphonesimulator macosx xros xrsimulator";
				SWIFT_EMIT_LOC_STRINGS = YES;
				SWIFT_VERSION = 5.0;
				TARGETED_DEVICE_FAMILY = "1,2,7";
				XROS_DEPLOYMENT_TARGET = 2.0;
			};
			name = Debug;
		};
		6AA080D02D2D31270087FCBD /* Release */ = {
			isa = XCBuildConfiguration;
			buildSettings = {
				ASSETCATALOG_COMPILER_APPICON_NAME = AppIcon;
				ASSETCATALOG_COMPILER_GLOBAL_ACCENT_COLOR_NAME = AccentColor;
				CODE_SIGN_ENTITLEMENTS = groma_new/groma_new.entitlements;
				"CODE_SIGN_IDENTITY[sdk=macosx*]" = "Apple Development";
				CODE_SIGN_STYLE = Automatic;
				CURRENT_PROJECT_VERSION = 1;
				DEAD_CODE_STRIPPING = YES;
				DEVELOPMENT_ASSET_PATHS = "\"groma_new/Preview Content\"";
				DEVELOPMENT_TEAM = 37QAPDY2PR;
				ENABLE_PREVIEWS = YES;
				GENERATE_INFOPLIST_FILE = YES;
				INFOPLIST_FILE = groma_new/Info.plist;
				"INFOPLIST_KEY_UIApplicationSceneManifest_Generation[sdk=iphoneos*]" = YES;
				"INFOPLIST_KEY_UIApplicationSceneManifest_Generation[sdk=iphonesimulator*]" = YES;
				"INFOPLIST_KEY_UIApplicationSupportsIndirectInputEvents[sdk=iphoneos*]" = YES;
				"INFOPLIST_KEY_UIApplicationSupportsIndirectInputEvents[sdk=iphonesimulator*]" = YES;
				"INFOPLIST_KEY_UILaunchScreen_Generation[sdk=iphoneos*]" = YES;
				"INFOPLIST_KEY_UILaunchScreen_Generation[sdk=iphonesimulator*]" = YES;
				"INFOPLIST_KEY_UIStatusBarStyle[sdk=iphoneos*]" = UIStatusBarStyleDefault;
				"INFOPLIST_KEY_UIStatusBarStyle[sdk=iphonesimulator*]" = UIStatusBarStyleDefault;
				INFOPLIST_KEY_UISupportedInterfaceOrientations_iPad = "UIInterfaceOrientationPortrait UIInterfaceOrientationPortraitUpsideDown UIInterfaceOrientationLandscapeLeft UIInterfaceOrientationLandscapeRight";
				INFOPLIST_KEY_UISupportedInterfaceOrientations_iPhone = "UIInterfaceOrientationPortrait UIInterfaceOrientationLandscapeLeft UIInterfaceOrientationLandscapeRight";
				IPHONEOS_DEPLOYMENT_TARGET = 18.0;
				LD_RUNPATH_SEARCH_PATHS = "@executable_path/Frameworks";
				"LD_RUNPATH_SEARCH_PATHS[sdk=macosx*]" = "@executable_path/../Frameworks";
				MACOSX_DEPLOYMENT_TARGET = 15.0;
				MARKETING_VERSION = 1.0;
				PRODUCT_BUNDLE_IDENTIFIER = "com.gromaapp.groma-new";
				PRODUCT_NAME = "$(TARGET_NAME)";
				SDKROOT = auto;
				SUPPORTED_PLATFORMS = "iphoneos iphonesimulator macosx xros xrsimulator";
				SWIFT_EMIT_LOC_STRINGS = YES;
				SWIFT_VERSION = 5.0;
				TARGETED_DEVICE_FAMILY = "1,2,7";
				XROS_DEPLOYMENT_TARGET = 2.0;
			};
			name = Release;
		};
		6AA080D12D2D31270087FCBD /* Debug */ = {
			isa = XCBuildConfiguration;
			buildSettings = {
				ALWAYS_SEARCH_USER_PATHS = NO;
				ASSETCATALOG_COMPILER_GENERATE_SWIFT_ASSET_SYMBOL_EXTENSIONS = YES;
				CLANG_ANALYZER_NONNULL = YES;
				CLANG_ANALYZER_NUMBER_OBJECT_CONVERSION = YES_AGGRESSIVE;
				CLANG_CXX_LANGUAGE_STANDARD = "gnu++20";
				CLANG_ENABLE_MODULES = YES;
				CLANG_ENABLE_OBJC_ARC = YES;
				CLANG_ENABLE_OBJC_WEAK = YES;
				CLANG_WARN_BLOCK_CAPTURE_AUTORELEASING = YES;
				CLANG_WARN_BOOL_CONVERSION = YES;
				CLANG_WARN_COMMA = YES;
				CLANG_WARN_CONSTANT_CONVERSION = YES;
				CLANG_WARN_DEPRECATED_OBJC_IMPLEMENTATIONS = YES;
				CLANG_WARN_DIRECT_OBJC_ISA_USAGE = YES_ERROR;
				CLANG_WARN_DOCUMENTATION_COMMENTS = YES;
				CLANG_WARN_EMPTY_BODY = YES;
				CLANG_WARN_ENUM_CONVERSION = YES;
				CLANG_WARN_INFINITE_RECURSION = YES;
				CLANG_WARN_INT_CONVERSION = YES;
				CLANG_WARN_NON_LITERAL_NULL_CONVERSION = YES;
				CLANG_WARN_OBJC_IMPLICIT_RETAIN_SELF = YES;
				CLANG_WARN_OBJC_LITERAL_CONVERSION = YES;
				CLANG_WARN_OBJC_ROOT_CLASS = YES_ERROR;
				CLANG_WARN_QUOTED_INCLUDE_IN_FRAMEWORK_HEADER = YES;
				CLANG_WARN_RANGE_LOOP_ANALYSIS = YES;
				CLANG_WARN_STRICT_PROTOTYPES = YES;
				CLANG_WARN_SUSPICIOUS_MOVE = YES;
				CLANG_WARN_UNGUARDED_AVAILABILITY = YES_AGGRESSIVE;
				CLANG_WARN_UNREACHABLE_CODE = YES;
				CLANG_WARN__DUPLICATE_METHOD_MATCH = YES;
				COPY_PHASE_STRIP = NO;
				DEAD_CODE_STRIPPING = YES;
				DEBUG_INFORMATION_FORMAT = dwarf;
				ENABLE_STRICT_OBJC_MSGSEND = YES;
				ENABLE_TESTABILITY = YES;
				ENABLE_USER_SCRIPT_SANDBOXING = YES;
				GCC_C_LANGUAGE_STANDARD = gnu17;
				GCC_DYNAMIC_NO_PIC = NO;
				GCC_NO_COMMON_BLOCKS = YES;
				GCC_OPTIMIZATION_LEVEL = 0;
				GCC_PREPROCESSOR_DEFINITIONS = (
					"DEBUG=1",
					"$(inherited)",
				);
				GCC_WARN_64_TO_32_BIT_CONVERSION = YES;
				GCC_WARN_ABOUT_RETURN_TYPE = YES_ERROR;
				GCC_WARN_UNDECLARED_SELECTOR = YES;
				GCC_WARN_UNINITIALIZED_AUTOS = YES_AGGRESSIVE;
				GCC_WARN_UNUSED_FUNCTION = YES;
				GCC_WARN_UNUSED_VARIABLE = YES;
				LOCALIZATION_PREFERS_STRING_CATALOGS = YES;
				MTL_ENABLE_DEBUG_INFO = INCLUDE_SOURCE;
				MTL_FAST_MATH = YES;
				ONLY_ACTIVE_ARCH = YES;
				SWIFT_ACTIVE_COMPILATION_CONDITIONS = "DEBUG $(inherited)";
				SWIFT_OPTIMIZATION_LEVEL = "-Onone";
			};
			name = Debug;
		};
		6AA080D22D2D31270087FCBD /* Release */ = {
			isa = XCBuildConfiguration;
			buildSettings = {
				ALWAYS_SEARCH_USER_PATHS = NO;
				ASSETCATALOG_COMPILER_GENERATE_SWIFT_ASSET_SYMBOL_EXTENSIONS = YES;
				CLANG_ANALYZER_NONNULL = YES;
				CLANG_ANALYZER_NUMBER_OBJECT_CONVERSION = YES_AGGRESSIVE;
				CLANG_CXX_LANGUAGE_STANDARD = "gnu++20";
				CLANG_ENABLE_MODULES = YES;
				CLANG_ENABLE_OBJC_ARC = YES;
				CLANG_ENABLE_OBJC_WEAK = YES;
				CLANG_WARN_BLOCK_CAPTURE_AUTORELEASING = YES;
				CLANG_WARN_BOOL_CONVERSION = YES;
				CLANG_WARN_COMMA = YES;
				CLANG_WARN_CONSTANT_CONVERSION = YES;
				CLANG_WARN_DEPRECATED_OBJC_IMPLEMENTATIONS = YES;
				CLANG_WARN_DIRECT_OBJC_ISA_USAGE = YES_ERROR;
				CLANG_WARN_DOCUMENTATION_COMMENTS = YES;
				CLANG_WARN_EMPTY_BODY = YES;
				CLANG_WARN_ENUM_CONVERSION = YES;
				CLANG_WARN_INFINITE_RECURSION = YES;
				CLANG_WARN_INT_CONVERSION = YES;
				CLANG_WARN_NON_LITERAL_NULL_CONVERSION = YES;
				CLANG_WARN_OBJC_IMPLICIT_RETAIN_SELF = YES;
				CLANG_WARN_OBJC_LITERAL_CONVERSION = YES;
				CLANG_WARN_OBJC_ROOT_CLASS = YES_ERROR;
				CLANG_WARN_QUOTED_INCLUDE_IN_FRAMEWORK_HEADER = YES;
				CLANG_WARN_RANGE_LOOP_ANALYSIS = YES;
				CLANG_WARN_STRICT_PROTOTYPES = YES;
				CLANG_WARN_SUSPICIOUS_MOVE = YES;
				CLANG_WARN_UNGUARDED_AVAILABILITY = YES_AGGRESSIVE;
				CLANG_WARN_UNREACHABLE_CODE = YES;
				CLANG_WARN__DUPLICATE_METHOD_MATCH = YES;
				COPY_PHASE_STRIP = NO;
				DEAD_CODE_STRIPPING = YES;
				DEBUG_INFORMATION_FORMAT = "dwarf-with-dsym";
				ENABLE_NS_ASSERTIONS = NO;
				ENABLE_STRICT_OBJC_MSGSEND = YES;
				ENABLE_USER_SCRIPT_SANDBOXING = YES;
				GCC_C_LANGUAGE_STANDARD = gnu17;
				GCC_NO_COMMON_BLOCKS = YES;
				GCC_WARN_64_TO_32_BIT_CONVERSION = YES;
				GCC_WARN_ABOUT_RETURN_TYPE = YES_ERROR;
				GCC_WARN_UNDECLARED_SELECTOR = YES;
				GCC_WARN_UNINITIALIZED_AUTOS = YES_AGGRESSIVE;
				GCC_WARN_UNUSED_FUNCTION = YES;
				GCC_WARN_UNUSED_VARIABLE = YES;
				LOCALIZATION_PREFERS_STRING_CATALOGS = YES;
				MTL_ENABLE_DEBUG_INFO = NO;
				MTL_FAST_MATH = YES;
				SWIFT_COMPILATION_MODE = wholemodule;
			};
			name = Release;
		};
		6AA080D42D2D31270087FCBD /* Debug */ = {
			isa = XCBuildConfiguration;
			buildSettings = {
				BUNDLE_LOADER = "$(TEST_HOST)";
				CODE_SIGN_STYLE = Automatic;
				CURRENT_PROJECT_VERSION = 1;
				DEAD_CODE_STRIPPING = YES;
				GENERATE_INFOPLIST_FILE = YES;
				IPHONEOS_DEPLOYMENT_TARGET = 18.0;
				MACOSX_DEPLOYMENT_TARGET = 14.6;
				MARKETING_VERSION = 1.0;
				PRODUCT_BUNDLE_IDENTIFIER = "com.gromaapp.groma-newTests";
				PRODUCT_NAME = "$(TARGET_NAME)";
				SDKROOT = auto;
				SUPPORTED_PLATFORMS = "iphoneos iphonesimulator macosx xros xrsimulator";
				SWIFT_EMIT_LOC_STRINGS = NO;
				SWIFT_VERSION = 5.0;
				TARGETED_DEVICE_FAMILY = "1,2,7";
				TEST_HOST = "$(BUILT_PRODUCTS_DIR)/groma_new.app/$(BUNDLE_EXECUTABLE_FOLDER_PATH)/groma_new";
				XROS_DEPLOYMENT_TARGET = 2.0;
			};
			name = Debug;
		};
		6AA080D52D2D31270087FCBD /* Release */ = {
			isa = XCBuildConfiguration;
			buildSettings = {
				BUNDLE_LOADER = "$(TEST_HOST)";
				CODE_SIGN_STYLE = Automatic;
				CURRENT_PROJECT_VERSION = 1;
				DEAD_CODE_STRIPPING = YES;
				GENERATE_INFOPLIST_FILE = YES;
				IPHONEOS_DEPLOYMENT_TARGET = 18.0;
				MACOSX_DEPLOYMENT_TARGET = 14.6;
				MARKETING_VERSION = 1.0;
				PRODUCT_BUNDLE_IDENTIFIER = "com.gromaapp.groma-newTests";
				PRODUCT_NAME = "$(TARGET_NAME)";
				SDKROOT = auto;
				SUPPORTED_PLATFORMS = "iphoneos iphonesimulator macosx xros xrsimulator";
				SWIFT_EMIT_LOC_STRINGS = NO;
				SWIFT_VERSION = 5.0;
				TARGETED_DEVICE_FAMILY = "1,2,7";
				TEST_HOST = "$(BUILT_PRODUCTS_DIR)/groma_new.app/$(BUNDLE_EXECUTABLE_FOLDER_PATH)/groma_new";
				XROS_DEPLOYMENT_TARGET = 2.0;
			};
			name = Release;
		};
		6AA080D72D2D31270087FCBD /* Debug */ = {
			isa = XCBuildConfiguration;
			buildSettings = {
				CODE_SIGN_STYLE = Automatic;
				CURRENT_PROJECT_VERSION = 1;
				DEAD_CODE_STRIPPING = YES;
				GENERATE_INFOPLIST_FILE = YES;
				IPHONEOS_DEPLOYMENT_TARGET = 18.0;
				MACOSX_DEPLOYMENT_TARGET = 14.6;
				MARKETING_VERSION = 1.0;
				PRODUCT_BUNDLE_IDENTIFIER = "com.gromaapp.groma-newUITests";
				PRODUCT_NAME = "$(TARGET_NAME)";
				SDKROOT = auto;
				SUPPORTED_PLATFORMS = "iphoneos iphonesimulator macosx xros xrsimulator";
				SWIFT_EMIT_LOC_STRINGS = NO;
				SWIFT_VERSION = 5.0;
				TARGETED_DEVICE_FAMILY = "1,2,7";
				TEST_TARGET_NAME = groma_new;
				XROS_DEPLOYMENT_TARGET = 2.0;
			};
			name = Debug;
		};
		6AA080D82D2D31270087FCBD /* Release */ = {
			isa = XCBuildConfiguration;
			buildSettings = {
				CODE_SIGN_STYLE = Automatic;
				CURRENT_PROJECT_VERSION = 1;
				DEAD_CODE_STRIPPING = YES;
				GENERATE_INFOPLIST_FILE = YES;
				IPHONEOS_DEPLOYMENT_TARGET = 18.0;
				MACOSX_DEPLOYMENT_TARGET = 14.6;
				MARKETING_VERSION = 1.0;
				PRODUCT_BUNDLE_IDENTIFIER = "com.gromaapp.groma-newUITests";
				PRODUCT_NAME = "$(TARGET_NAME)";
				SDKROOT = auto;
				SUPPORTED_PLATFORMS = "iphoneos iphonesimulator macosx xros xrsimulator";
				SWIFT_EMIT_LOC_STRINGS = NO;
				SWIFT_VERSION = 5.0;
				TARGETED_DEVICE_FAMILY = "1,2,7";
				TEST_TARGET_NAME = groma_new;
				XROS_DEPLOYMENT_TARGET = 2.0;
			};
			name = Release;
		};
/* End XCBuildConfiguration section */

/* Begin XCConfigurationList section */
		6A1B05562D416C3B004D23A8 /* Build configuration list for PBXNativeTarget "watchapp Watch App" */ = {
			isa = XCConfigurationList;
			buildConfigurations = (
				6A1B05542D416C3B004D23A8 /* Debug */,
				6A1B05552D416C3B004D23A8 /* Release */,
			);
			defaultConfigurationIsVisible = 0;
			defaultConfigurationName = Release;
		};
		6AA080A22D2D31260087FCBD /* Build configuration list for PBXProject "groma_new" */ = {
			isa = XCConfigurationList;
			buildConfigurations = (
				6AA080D12D2D31270087FCBD /* Debug */,
				6AA080D22D2D31270087FCBD /* Release */,
			);
			defaultConfigurationIsVisible = 0;
			defaultConfigurationName = Release;
		};
		6AA080CE2D2D31270087FCBD /* Build configuration list for PBXNativeTarget "groma_new" */ = {
			isa = XCConfigurationList;
			buildConfigurations = (
				6AA080CF2D2D31270087FCBD /* Debug */,
				6AA080D02D2D31270087FCBD /* Release */,
			);
			defaultConfigurationIsVisible = 0;
			defaultConfigurationName = Release;
		};
		6AA080D32D2D31270087FCBD /* Build configuration list for PBXNativeTarget "groma_newTests" */ = {
			isa = XCConfigurationList;
			buildConfigurations = (
				6AA080D42D2D31270087FCBD /* Debug */,
				6AA080D52D2D31270087FCBD /* Release */,
			);
			defaultConfigurationIsVisible = 0;
			defaultConfigurationName = Release;
		};
		6AA080D62D2D31270087FCBD /* Build configuration list for PBXNativeTarget "groma_newUITests" */ = {
			isa = XCConfigurationList;
			buildConfigurations = (
				6AA080D72D2D31270087FCBD /* Debug */,
				6AA080D82D2D31270087FCBD /* Release */,
			);
			defaultConfigurationIsVisible = 0;
			defaultConfigurationName = Release;
		};
/* End XCConfigurationList section */

/* Begin XCRemoteSwiftPackageReference section */
		6A1B033C2D37B379004D23A8 /* XCRemoteSwiftPackageReference "SwiftUI-Flow" */ = {
			isa = XCRemoteSwiftPackageReference;
			repositoryURL = "https://github.com/tevelee/SwiftUI-Flow";
			requirement = {
				kind = upToNextMajorVersion;
				minimumVersion = 3.0.0;
			};
		};
		6A1B050C2D4143F4004D23A8 /* XCRemoteSwiftPackageReference "SwiftyBeaver" */ = {
			isa = XCRemoteSwiftPackageReference;
			repositoryURL = "https://github.com/SwiftyBeaver/SwiftyBeaver.git";
			requirement = {
				kind = upToNextMajorVersion;
				minimumVersion = 2.1.1;
			};
		};
/* End XCRemoteSwiftPackageReference section */

/* Begin XCSwiftPackageProductDependency section */
		6A1B033E2D37B415004D23A8 /* Flow */ = {
			isa = XCSwiftPackageProductDependency;
			package = 6A1B033C2D37B379004D23A8 /* XCRemoteSwiftPackageReference "SwiftUI-Flow" */;
			productName = Flow;
		};
		6A1B050D2D414486004D23A8 /* SwiftyBeaver */ = {
			isa = XCSwiftPackageProductDependency;
			package = 6A1B050C2D4143F4004D23A8 /* XCRemoteSwiftPackageReference "SwiftyBeaver" */;
			productName = SwiftyBeaver;
		};
/* End XCSwiftPackageProductDependency section */
	};
	rootObject = 6AA0809F2D2D31260087FCBD /* Project object */;
}
